<Solution>
  <Configurations>
    <Platform Name="x64" />
  </Configurations>
  <Project Path="../Canvas/Canvas/Canvas.vcxproj" Id="483b2953-10ab-4b84-bdbf-8925c381960a" />
  <Project Path="Plates.vcxproj" Id="6ef78b05-44ae-4b36-9bae-35428dce9427">
    <BuildDependency Project="../Canvas/Canvas/Canvas.vcxproj" />
  </Project>
</Solution>
